
Microsoft Visual Studio Solution File, Format Version 12.00
# Visual Studio Version 17
VisualStudioVersion = 17.9.34728.123
MinimumVisualStudioVersion = 10.0.40219.1
Project("{FAE04EC0-301F-11D3-BF4B-00C04F79EFBC}") = "Pokemon_Catcher", "Pokemon_Catcher.csproj", "{C3725492-F16F-4501-A7C8-2B98CC4E6ECC}"
EndProject
Global
	GlobalSection(SolutionConfigurationPlatforms) = preSolution
		Debug|Any CPU = Debug|Any CPU
		Release|Any CPU = Release|Any CPU
	EndGlobalSection
	GlobalSection(ProjectConfigurationPlatforms) = postSolution
		{C3725492-F16F-4501-A7C8-2B98CC4E6ECC}.Debug|Any CPU.ActiveCfg = Debug|Any CPU
		{C3725492-F16F-4501-A7C8-2B98CC4E6ECC}.Debug|Any CPU.Build.0 = Debug|Any CPU
		{C3725492-F16F-4501-A7C8-2B98CC4E6ECC}.Release|Any CPU.ActiveCfg = Release|Any CPU
		{C3725492-F16F-4501-A7C8-2B98CC4E6ECC}.Release|Any CPU.Build.0 = Release|Any CPU
	EndGlobalSection
	GlobalSection(SolutionProperties) = preSolution
		HideSolutionNode = FALSE
	EndGlobalSection
	GlobalSection(ExtensibilityGlobals) = postSolution
		SolutionGuid = {E7F93E5D-D708-416B-BC01-F6C7A2DE062B}
	EndGlobalSection
EndGlobal
